// !$*UTF8*$!
{
	archiveVersion = 1;
	classes = {
	};
	objectVersion = 46;
	objects = {

/* Begin PBXBuildFile section */
		54F4A74E1F1E434B0036474C /* AppDelegate.swift in Sources */ = {isa = PBXBuildFile; fileRef = 54F4A74D1F1E434B0036474C /* AppDelegate.swift */; };
		54F4A7501F1E434B0036474C /* ViewController.swift in Sources */ = {isa = PBXBuildFile; fileRef = 54F4A74F1F1E434B0036474C /* ViewController.swift */; };
		54F4A7531F1E434B0036474C /* Main.storyboard in Resources */ = {isa = PBXBuildFile; fileRef = 54F4A7511F1E434B0036474C /* Main.storyboard */; };
		54F4A7551F1E434B0036474C /* Assets.xcassets in Resources */ = {isa = PBXBuildFile; fileRef = 54F4A7541F1E434B0036474C /* Assets.xcassets */; };
		54F4A7581F1E434B0036474C /* LaunchScreen.storyboard in Resources */ = {isa = PBXBuildFile; fileRef = 54F4A7561F1E434B0036474C /* LaunchScreen.storyboard */; };
		54F4A7631F1E434E0036474C /* Firebase_Realtime_database_IOSTests.swift in Sources */ = {isa = PBXBuildFile; fileRef = 54F4A7621F1E434E0036474C /* Firebase_Realtime_database_IOSTests.swift */; };
		54F4A76E1F1E434E0036474C /* Firebase_Realtime_database_IOSUITests.swift in Sources */ = {isa = PBXBuildFile; fileRef = 54F4A76D1F1E434E0036474C /* Firebase_Realtime_database_IOSUITests.swift */; };
/* End PBXBuildFile section */

/* Begin PBXContainerItemProxy section */
		54F4A75F1F1E434E0036474C /* PBXContainerItemProxy */ = {
			isa = PBXContainerItemProxy;
			containerPortal = 54F4A7421F1E434B0036474C /* Project object */;
			proxyType = 1;
			remoteGlobalIDString = 54F4A7491F1E434B0036474C;
			remoteInfo = "Firebase Realtime database IOS";
		};
		54F4A76A1F1E434E0036474C /* PBXContainerItemProxy */ = {
			isa = PBXContainerItemProxy;
			containerPortal = 54F4A7421F1E434B0036474C /* Project object */;
			proxyType = 1;
			remoteGlobalIDString = 54F4A7491F1E434B0036474C;
			remoteInfo = "Firebase Realtime database IOS";
		};
/* End PBXContainerItemProxy section */

/* Begin PBXFileReference section */
		54F4A74A1F1E434B0036474C /* Firebase Realtime database IOS.app */ = {isa = PBXFileReference; explicitFileType = wrapper.application; includeInIndex = 0; path = "Firebase Realtime database IOS.app"; sourceTree = BUILT_PRODUCTS_DIR; };
		54F4A74D1F1E434B0036474C /* AppDelegate.swift */ = {isa = PBXFileReference; lastKnownFileType = sourcecode.swift; path = AppDelegate.swift; sourceTree = "<group>"; };
		54F4A74F1F1E434B0036474C /* ViewController.swift */ = {isa = PBXFileReference; lastKnownFileType = sourcecode.swift; path = ViewController.swift; sourceTree = "<group>"; };
		54F4A7521F1E434B0036474C /* Base */ = {isa = PBXFileReference; lastKnownFileType = file.storyboard; name = Base; path = Base.lproj/Main.storyboard; sourceTree = "<group>"; };
		54F4A7541F1E434B0036474C /* Assets.xcassets */ = {isa = PBXFileReference; lastKnownFileType = folder.assetcatalog; path = Assets.xcassets; sourceTree = "<group>"; };
		54F4A7571F1E434B0036474C /* Base */ = {isa = PBXFileReference; lastKnownFileType = file.storyboard; name = Base; path = Base.lproj/LaunchScreen.storyboard; sourceTree = "<group>"; };
		54F4A7591F1E434B0036474C /* Info.plist */ = {isa = PBXFileReference; lastKnownFileType = text.plist.xml; path = Info.plist; sourceTree = "<group>"; };
		54F4A75E1F1E434E0036474C /* Firebase Realtime database IOSTests.xctest */ = {isa = PBXFileReference; explicitFileType = wrapper.cfbundle; includeInIndex = 0; path = "Firebase Realtime database IOSTests.xctest"; sourceTree = BUILT_PRODUCTS_DIR; };
		54F4A7621F1E434E0036474C /* Firebase_Realtime_database_IOSTests.swift */ = {isa = PBXFileReference; lastKnownFileType = sourcecode.swift; path = Firebase_Realtime_database_IOSTests.swift; sourceTree = "<group>"; };
		54F4A7641F1E434E0036474C /* Info.plist */ = {isa = PBXFileReference; lastKnownFileType = text.plist.xml; path = Info.plist; sourceTree = "<group>"; };
		54F4A7691F1E434E0036474C /* Firebase Realtime database IOSUITests.xctest */ = {isa = PBXFileReference; explicitFileType = wrapper.cfbundle; includeInIndex = 0; path = "Firebase Realtime database IOSUITests.xctest"; sourceTree = BUILT_PRODUCTS_DIR; };
		54F4A76D1F1E434E0036474C /* Firebase_Realtime_database_IOSUITests.swift */ = {isa = PBXFileReference; lastKnownFileType = sourcecode.swift; path = Firebase_Realtime_database_IOSUITests.swift; sourceTree = "<group>"; };
		54F4A76F1F1E434E0036474C /* Info.plist */ = {isa = PBXFileReference; lastKnownFileType = text.plist.xml; path = Info.plist; sourceTree = "<group>"; };
/* End PBXFileReference section */

/* Begin PBXFrameworksBuildPhase section */
		54F4A7471F1E434B0036474C /* Frameworks */ = {
			isa = PBXFrameworksBuildPhase;
			buildActionMask = 2147483647;
			files = (
			);
			runOnlyForDeploymentPostprocessing = 0;
		};
		54F4A75B1F1E434E0036474C /* Frameworks */ = {
			isa = PBXFrameworksBuildPhase;
			buildActionMask = 2147483647;
			files = (
			);
			runOnlyForDeploymentPostprocessing = 0;
		};
		54F4A7661F1E434E0036474C /* Frameworks */ = {
			isa = PBXFrameworksBuildPhase;
			buildActionMask = 2147483647;
			files = (
			);
			runOnlyForDeploymentPostprocessing = 0;
		};
/* End PBXFrameworksBuildPhase section */

/* Begin PBXGroup section */
		54F4A7411F1E434A0036474C = {
			isa = PBXGroup;
			children = (
				54F4A74C1F1E434B0036474C /* Firebase Realtime database IOS */,
				54F4A7611F1E434E0036474C /* Firebase Realtime database IOSTests */,
				54F4A76C1F1E434E0036474C /* Firebase Realtime database IOSUITests */,
				54F4A74B1F1E434B0036474C /* Products */,
			);
			sourceTree = "<group>";
		};
		54F4A74B1F1E434B0036474C /* Products */ = {
			isa = PBXGroup;
			children = (
				54F4A74A1F1E434B0036474C /* Firebase Realtime database IOS.app */,
				54F4A75E1F1E434E0036474C /* Firebase Realtime database IOSTests.xctest */,
				54F4A7691F1E434E0036474C /* Firebase Realtime database IOSUITests.xctest */,
			);
			name = Products;
			sourceTree = "<group>";
		};
		54F4A74C1F1E434B0036474C /* Firebase Realtime database IOS */ = {
			isa = PBXGroup;
			children = (
				54F4A74D1F1E434B0036474C /* AppDelegate.swift */,
				54F4A74F1F1E434B0036474C /* ViewController.swift */,
				54F4A7511F1E434B0036474C /* Main.storyboard */,
				54F4A7541F1E434B0036474C /* Assets.xcassets */,
				54F4A7561F1E434B0036474C /* LaunchScreen.storyboard */,
				54F4A7591F1E434B0036474C /* Info.plist */,
			);
			path = "Firebase Realtime database IOS";
			sourceTree = "<group>";
		};
		54F4A7611F1E434E0036474C /* Firebase Realtime database IOSTests */ = {
			isa = PBXGroup;
			children = (
				54F4A7621F1E434E0036474C /* Firebase_Realtime_database_IOSTests.swift */,
				54F4A7641F1E434E0036474C /* Info.plist */,
			);
			path = "Firebase Realtime database IOSTests";
			sourceTree = "<group>";
		};
		54F4A76C1F1E434E0036474C /* Firebase Realtime database IOSUITests */ = {
			isa = PBXGroup;
			children = (
				54F4A76D1F1E434E0036474C /* Firebase_Realtime_database_IOSUITests.swift */,
				54F4A76F1F1E434E0036474C /* Info.plist */,
			);
			path = "Firebase Realtime database IOSUITests";
			sourceTree = "<group>";
		};
/* End PBXGroup section */

/* Begin PBXNativeTarget section */
		54F4A7491F1E434B0036474C /* Firebase Realtime database IOS */ = {
			isa = PBXNativeTarget;
			buildConfigurationList = 54F4A7721F1E434E0036474C /* Build configuration list for PBXNativeTarget "Firebase Realtime database IOS" */;
			buildPhases = (
				54F4A7461F1E434B0036474C /* Sources */,
				54F4A7471F1E434B0036474C /* Frameworks */,
				54F4A7481F1E434B0036474C /* Resources */,
			);
			buildRules = (
			);
			dependencies = (
			);
			name = "Firebase Realtime database IOS";
			productName = "Firebase Realtime database IOS";
			productReference = 54F4A74A1F1E434B0036474C /* Firebase Realtime database IOS.app */;
			productType = "com.apple.product-type.application";
		};
		54F4A75D1F1E434E0036474C /* Firebase Realtime database IOSTests */ = {
			isa = PBXNativeTarget;
			buildConfigurationList = 54F4A7751F1E434E0036474C /* Build configuration list for PBXNativeTarget "Firebase Realtime database IOSTests" */;
			buildPhases = (
				54F4A75A1F1E434E0036474C /* Sources */,
				54F4A75B1F1E434E0036474C /* Frameworks */,
				54F4A75C1F1E434E0036474C /* Resources */,
			);
			buildRules = (
			);
			dependencies = (
				54F4A7601F1E434E0036474C /* PBXTargetDependency */,
			);
			name = "Firebase Realtime database IOSTests";
			productName = "Firebase Realtime database IOSTests";
			productReference = 54F4A75E1F1E434E0036474C /* Firebase Realtime database IOSTests.xctest */;
			productType = "com.apple.product-type.bundle.unit-test";
		};
		54F4A7681F1E434E0036474C /* Firebase Realtime database IOSUITests */ = {
			isa = PBXNativeTarget;
			buildConfigurationList = 54F4A7781F1E434E0036474C /* Build configuration list for PBXNativeTarget "Firebase Realtime database IOSUITests" */;
			buildPhases = (
				54F4A7651F1E434E0036474C /* Sources */,
				54F4A7661F1E434E0036474C /* Frameworks */,
				54F4A7671F1E434E0036474C /* Resources */,
			);
			buildRules = (
			);
			dependencies = (
				54F4A76B1F1E434E0036474C /* PBXTargetDependency */,
			);
			name = "Firebase Realtime database IOSUITests";
			productName = "Firebase Realtime database IOSUITests";
			productReference = 54F4A7691F1E434E0036474C /* Firebase Realtime database IOSUITests.xctest */;
			productType = "com.apple.product-type.bundle.ui-testing";
		};
/* End PBXNativeTarget section */

/* Begin PBXProject section */
		54F4A7421F1E434B0036474C /* Project object */ = {
			isa = PBXProject;
			attributes = {
				LastSwiftUpdateCheck = 0830;
				LastUpgradeCheck = 0830;
				ORGANIZATIONNAME = plash;
				TargetAttributes = {
					54F4A7491F1E434B0036474C = {
						CreatedOnToolsVersion = 8.3.2;
						ProvisioningStyle = Automatic;
					};
					54F4A75D1F1E434E0036474C = {
						CreatedOnToolsVersion = 8.3.2;
						ProvisioningStyle = Automatic;
						TestTargetID = 54F4A7491F1E434B0036474C;
					};
					54F4A7681F1E434E0036474C = {
						CreatedOnToolsVersion = 8.3.2;
						ProvisioningStyle = Automatic;
						TestTargetID = 54F4A7491F1E434B0036474C;
					};
				};
			};
			buildConfigurationList = 54F4A7451F1E434B0036474C /* Build configuration list for PBXProject "Firebase Realtime database IOS" */;
			compatibilityVersion = "Xcode 3.2";
			developmentRegion = English;
			hasScannedForEncodings = 0;
			knownRegions = (
				en,
				Base,
			);
			mainGroup = 54F4A7411F1E434A0036474C;
			productRefGroup = 54F4A74B1F1E434B0036474C /* Products */;
			projectDirPath = "";
			projectRoot = "";
			targets = (
				54F4A7491F1E434B0036474C /* Firebase Realtime database IOS */,
				54F4A75D1F1E434E0036474C /* Firebase Realtime database IOSTests */,
				54F4A7681F1E434E0036474C /* Firebase Realtime database IOSUITests */,
			);
		};
/* End PBXProject section */

/* Begin PBXResourcesBuildPhase section */
		54F4A7481F1E434B0036474C /* Resources */ = {
			isa = PBXResourcesBuildPhase;
			buildActionMask = 2147483647;
			files = (
				54F4A7581F1E434B0036474C /* LaunchScreen.storyboard in Resources */,
				54F4A7551F1E434B0036474C /* Assets.xcassets in Resources */,
				54F4A7531F1E434B0036474C /* Main.storyboard in Resources */,
			);
			runOnlyForDeploymentPostprocessing = 0;
		};
		54F4A75C1F1E434E0036474C /* Resources */ = {
			isa = PBXResourcesBuildPhase;
			buildActionMask = 2147483647;
			files = (
			);
			runOnlyForDeploymentPostprocessing = 0;
		};
		54F4A7671F1E434E0036474C /* Resources */ = {
			isa = PBXResourcesBuildPhase;
			buildActionMask = 2147483647;
			files = (
			);
			runOnlyForDeploymentPostprocessing = 0;
		};
/* End PBXResourcesBuildPhase section */

/* Begin PBXSourcesBuildPhase section */
		54F4A7461F1E434B0036474C /* Sources */ = {
			isa = PBXSourcesBuildPhase;
			buildActionMask = 2147483647;
			files = (
				54F4A7501F1E434B0036474C /* ViewController.swift in Sources */,
				54F4A74E1F1E434B0036474C /* AppDelegate.swift in Sources */,
			);
			runOnlyForDeploymentPostprocessing = 0;
		};
		54F4A75A1F1E434E0036474C /* Sources */ = {
			isa = PBXSourcesBuildPhase;
			buildActionMask = 2147483647;
			files = (
				54F4A7631F1E434E0036474C /* Firebase_Realtime_database_IOSTests.swift in Sources */,
			);
			runOnlyForDeploymentPostprocessing = 0;
		};
		54F4A7651F1E434E0036474C /* Sources */ = {
			isa = PBXSourcesBuildPhase;
			buildActionMask = 2147483647;
			files = (
				54F4A76E1F1E434E0036474C /* Firebase_Realtime_database_IOSUITests.swift in Sources */,
			);
			runOnlyForDeploymentPostprocessing = 0;
		};
/* End PBXSourcesBuildPhase section */

/* Begin PBXTargetDependency section */
		54F4A7601F1E434E0036474C /* PBXTargetDependency */ = {
			isa = PBXTargetDependency;
			target = 54F4A7491F1E434B0036474C /* Firebase Realtime database IOS */;
			targetProxy = 54F4A75F1F1E434E0036474C /* PBXContainerItemProxy */;
		};
		54F4A76B1F1E434E0036474C /* PBXTargetDependency */ = {
			isa = PBXTargetDependency;
			target = 54F4A7491F1E434B0036474C /* Firebase Realtime database IOS */;
			targetProxy = 54F4A76A1F1E434E0036474C /* PBXContainerItemProxy */;
		};
/* End PBXTargetDependency section */

/* Begin PBXVariantGroup section */
		54F4A7511F1E434B0036474C /* Main.storyboard */ = {
			isa = PBXVariantGroup;
			children = (
				54F4A7521F1E434B0036474C /* Base */,
			);
			name = Main.storyboard;
			sourceTree = "<group>";
		};
		54F4A7561F1E434B0036474C /* LaunchScreen.storyboard */ = {
			isa = PBXVariantGroup;
			children = (
				54F4A7571F1E434B0036474C /* Base */,
			);
			name = LaunchScreen.storyboard;
			sourceTree = "<group>";
		};
/* End PBXVariantGroup section */

/* Begin XCBuildConfiguration section */
		54F4A7701F1E434E0036474C /* Debug */ = {
			isa = XCBuildConfiguration;
			buildSettings = {
				ALWAYS_SEARCH_USER_PATHS = NO;
				CLANG_ANALYZER_NONNULL = YES;
				CLANG_ANALYZER_NUMBER_OBJECT_CONVERSION = YES_AGGRESSIVE;
				CLANG_CXX_LANGUAGE_STANDARD = "gnu++0x";
				CLANG_CXX_LIBRARY = "libc++";
				CLANG_ENABLE_MODULES = YES;
				CLANG_ENABLE_OBJC_ARC = YES;
				CLANG_WARN_BOOL_CONVERSION = YES;
				CLANG_WARN_CONSTANT_CONVERSION = YES;
				CLANG_WARN_DIRECT_OBJC_ISA_USAGE = YES_ERROR;
				CLANG_WARN_DOCUMENTATION_COMMENTS = YES;
				CLANG_WARN_EMPTY_BODY = YES;
				CLANG_WARN_ENUM_CONVERSION = YES;
				CLANG_WARN_INFINITE_RECURSION = YES;
				CLANG_WARN_INT_CONVERSION = YES;
				CLANG_WARN_OBJC_ROOT_CLASS = YES_ERROR;
				CLANG_WARN_SUSPICIOUS_MOVE = YES;
				CLANG_WARN_UNREACHABLE_CODE = YES;
				CLANG_WARN__DUPLICATE_METHOD_MATCH = YES;
				"CODE_SIGN_IDENTITY[sdk=iphoneos*]" = "iPhone Developer";
				COPY_PHASE_STRIP = NO;
				DEBUG_INFORMATION_FORMAT = dwarf;
				ENABLE_STRICT_OBJC_MSGSEND = YES;
				ENABLE_TESTABILITY = YES;
				GCC_C_LANGUAGE_STANDARD = gnu99;
				GCC_DYNAMIC_NO_PIC = NO;
				GCC_NO_COMMON_BLOCKS = YES;
				GCC_OPTIMIZATION_LEVEL = 0;
				GCC_PREPROCESSOR_DEFINITIONS = (
					"DEBUG=1",
					"$(inherited)",
				);
				GCC_WARN_64_TO_32_BIT_CONVERSION = YES;
				GCC_WARN_ABOUT_RETURN_TYPE = YES_ERROR;
				GCC_WARN_UNDECLARED_SELECTOR = YES;
				GCC_WARN_UNINITIALIZED_AUTOS = YES_AGGRESSIVE;
				GCC_WARN_UNUSED_FUNCTION = YES;
				GCC_WARN_UNUSED_VARIABLE = YES;
				IPHONEOS_DEPLOYMENT_TARGET = 10.3;
				MTL_ENABLE_DEBUG_INFO = YES;
				ONLY_ACTIVE_ARCH = YES;
				SDKROOT = iphoneos;
				SWIFT_ACTIVE_COMPILATION_CONDITIONS = DEBUG;
				SWIFT_OPTIMIZATION_LEVEL = "-Onone";
			};
			name = Debug;
		};
		54F4A7711F1E434E0036474C /* Release */ = {
			isa = XCBuildConfiguration;
			buildSettings = {
				ALWAYS_SEARCH_USER_PATHS = NO;
				CLANG_ANALYZER_NONNULL = YES;
				CLANG_ANALYZER_NUMBER_OBJECT_CONVERSION = YES_AGGRESSIVE;
				CLANG_CXX_LANGUAGE_STANDARD = "gnu++0x";
				CLANG_CXX_LIBRARY = "libc++";
				CLANG_ENABLE_MODULES = YES;
				CLANG_ENABLE_OBJC_ARC = YES;
				CLANG_WARN_BOOL_CONVERSION = YES;
				CLANG_WARN_CONSTANT_CONVERSION = YES;
				CLANG_WARN_DIRECT_OBJC_ISA_USAGE = YES_ERROR;
				CLANG_WARN_DOCUMENTATION_COMMENTS = YES;
				CLANG_WARN_EMPTY_BODY = YES;
				CLANG_WARN_ENUM_CONVERSION = YES;
				CLANG_WARN_INFINITE_RECURSION = YES;
				CLANG_WARN_INT_CONVERSION = YES;
				CLANG_WARN_OBJC_ROOT_CLASS = YES_ERROR;
				CLANG_WARN_SUSPICIOUS_MOVE = YES;
				CLANG_WARN_UNREACHABLE_CODE = YES;
				CLANG_WARN__DUPLICATE_METHOD_MATCH = YES;
				"CODE_SIGN_IDENTITY[sdk=iphoneos*]" = "iPhone Developer";
				COPY_PHASE_STRIP = NO;
				DEBUG_INFORMATION_FORMAT = "dwarf-with-dsym";
				ENABLE_NS_ASSERTIONS = NO;
				ENABLE_STRICT_OBJC_MSGSEND = YES;
				GCC_C_LANGUAGE_STANDARD = gnu99;
				GCC_NO_COMMON_BLOCKS = YES;
				GCC_WARN_64_TO_32_BIT_CONVERSION = YES;
				GCC_WARN_ABOUT_RETURN_TYPE = YES_ERROR;
				GCC_WARN_UNDECLARED_SELECTOR = YES;
				GCC_WARN_UNINITIALIZED_AUTOS = YES_AGGRESSIVE;
				GCC_WARN_UNUSED_FUNCTION = YES;
				GCC_WARN_UNUSED_VARIABLE = YES;
				IPHONEOS_DEPLOYMENT_TARGET = 10.3;
				MTL_ENABLE_DEBUG_INFO = NO;
				SDKROOT = iphoneos;
				SWIFT_OPTIMIZATION_LEVEL = "-Owholemodule";
				VALIDATE_PRODUCT = YES;
			};
			name = Release;
		};
		54F4A7731F1E434E0036474C /* Debug */ = {
			isa = XCBuildConfiguration;
			buildSettings = {
				ASSETCATALOG_COMPILER_APPICON_NAME = AppIcon;
				INFOPLIST_FILE = "Firebase Realtime database IOS/Info.plist";
				LD_RUNPATH_SEARCH_PATHS = "$(inherited) @executable_path/Frameworks";
				PRODUCT_BUNDLE_IDENTIFIER = "com.experts.Firebase-Realtime-database-IOS";
				PRODUCT_NAME = "$(TARGET_NAME)";
				SWIFT_VERSION = 3.0;
			};
			name = Debug;
		};
		54F4A7741F1E434E0036474C /* Release */ = {
			isa = XCBuildConfiguration;
			buildSettings = {
				ASSETCATALOG_COMPILER_APPICON_NAME = AppIcon;
				INFOPLIST_FILE = "Firebase Realtime database IOS/Info.plist";
				LD_RUNPATH_SEARCH_PATHS = "$(inherited) @executable_path/Frameworks";
				PRODUCT_BUNDLE_IDENTIFIER = "com.experts.Firebase-Realtime-database-IOS";
				PRODUCT_NAME = "$(TARGET_NAME)";
				SWIFT_VERSION = 3.0;
			};
			name = Release;
		};
		54F4A7761F1E434E0036474C /* Debug */ = {
			isa = XCBuildConfiguration;
			buildSettings = {
				ALWAYS_EMBED_SWIFT_STANDARD_LIBRARIES = YES;
				BUNDLE_LOADER = "$(TEST_HOST)";
				INFOPLIST_FILE = "Firebase Realtime database IOSTests/Info.plist";
				LD_RUNPATH_SEARCH_PATHS = "$(inherited) @executable_path/Frameworks @loader_path/Frameworks";
				PRODUCT_BUNDLE_IDENTIFIER = "com.experts.Firebase-Realtime-database-IOSTests";
				PRODUCT_NAME = "$(TARGET_NAME)";
				SWIFT_VERSION = 3.0;
				TEST_HOST = "$(BUILT_PRODUCTS_DIR)/Firebase Realtime database IOS.app/Firebase Realtime database IOS";
			};
			name = Debug;
		};
		54F4A7771F1E434E0036474C /* Release */ = {
			isa = XCBuildConfiguration;
			buildSettings = {
				ALWAYS_EMBED_SWIFT_STANDARD_LIBRARIES = YES;
				BUNDLE_LOADER = "$(TEST_HOST)";
				INFOPLIST_FILE = "Firebase Realtime database IOSTests/Info.plist";
				LD_RUNPATH_SEARCH_PATHS = "$(inherited) @executable_path/Frameworks @loader_path/Frameworks";
				PRODUCT_BUNDLE_IDENTIFIER = "com.experts.Firebase-Realtime-database-IOSTests";
				PRODUCT_NAME = "$(TARGET_NAME)";
				SWIFT_VERSION = 3.0;
				TEST_HOST = "$(BUILT_PRODUCTS_DIR)/Firebase Realtime database IOS.app/Firebase Realtime database IOS";
			};
			name = Release;
		};
		54F4A7791F1E434E0036474C /* Debug */ = {
			isa = XCBuildConfiguration;
			buildSettings = {
				ALWAYS_EMBED_SWIFT_STANDARD_LIBRARIES = YES;
				INFOPLIST_FILE = "Firebase Realtime database IOSUITests/Info.plist";
				LD_RUNPATH_SEARCH_PATHS = "$(inherited) @executable_path/Frameworks @loader_path/Frameworks";
				PRODUCT_BUNDLE_IDENTIFIER = "com.experts.Firebase-Realtime-database-IOSUITests";
				PRODUCT_NAME = "$(TARGET_NAME)";
				SWIFT_VERSION = 3.0;
				TEST_TARGET_NAME = "Firebase Realtime database IOS";
			};
			name = Debug;
		};
		54F4A77A1F1E434E0036474C /* Release */ = {
			isa = XCBuildConfiguration;
			buildSettings = {
				ALWAYS_EMBED_SWIFT_STANDARD_LIBRARIES = YES;
				INFOPLIST_FILE = "Firebase Realtime database IOSUITests/Info.plist";
				LD_RUNPATH_SEARCH_PATHS = "$(inherited) @executable_path/Frameworks @loader_path/Frameworks";
				PRODUCT_BUNDLE_IDENTIFIER = "com.experts.Firebase-Realtime-database-IOSUITests";
				PRODUCT_NAME = "$(TARGET_NAME)";
				SWIFT_VERSION = 3.0;
				TEST_TARGET_NAME = "Firebase Realtime database IOS";
			};
			name = Release;
		};
/* End XCBuildConfiguration section */

/* Begin XCConfigurationList section */
		54F4A7451F1E434B0036474C /* Build configuration list for PBXProject "Firebase Realtime database IOS" */ = {
			isa = XCConfigurationList;
			buildConfigurations = (
				54F4A7701F1E434E0036474C /* Debug */,
				54F4A7711F1E434E0036474C /* Release */,
			);
			defaultConfigurationIsVisible = 0;
			defaultConfigurationName = Release;
		};
		54F4A7721F1E434E0036474C /* Build configuration list for PBXNativeTarget "Firebase Realtime database IOS" */ = {
			isa = XCConfigurationList;
			buildConfigurations = (
				54F4A7731F1E434E0036474C /* Debug */,
				54F4A7741F1E434E0036474C /* Release */,
			);
			defaultConfigurationIsVisible = 0;
		};
		54F4A7751F1E434E0036474C /* Build configuration list for PBXNativeTarget "Firebase Realtime database IOSTests" */ = {
			isa = XCConfigurationList;
			buildConfigurations = (
				54F4A7761F1E434E0036474C /* Debug */,
				54F4A7771F1E434E0036474C /* Release */,
			);
			defaultConfigurationIsVisible = 0;
		};
		54F4A7781F1E434E0036474C /* Build configuration list for PBXNativeTarget "Firebase Realtime database IOSUITests" */ = {
			isa = XCConfigurationList;
			buildConfigurations = (
				54F4A7791F1E434E0036474C /* Debug */,
				54F4A77A1F1E434E0036474C /* Release */,
			);
			defaultConfigurationIsVisible = 0;
		};
/* End XCConfigurationList section */
	};
	rootObject = 54F4A7421F1E434B0036474C /* Project object */;
}
